// !$*UTF8*$!
{
	archiveVersion = 1;
	classes = {
	};
	objectVersion = 56;
	objects = {

/* Begin PBXBuildFile section */
		F80B235A2987E6C2009451A4 /* RefirgeratorTVCell.swift in Sources */ = {isa = PBXBuildFile; fileRef = F80B23592987E6C2009451A4 /* RefirgeratorTVCell.swift */; };
		F80B235C29882BEB009451A4 /* RefrigeratorTVH.swift in Sources */ = {isa = PBXBuildFile; fileRef = F80B235B29882BEB009451A4 /* RefrigeratorTVH.swift */; };
		F80B23602988378B009451A4 /* RefirgeratorTVF.swift in Sources */ = {isa = PBXBuildFile; fileRef = F80B235F2988378B009451A4 /* RefirgeratorTVF.swift */; };
		F81E57B0298AA3750055EF84 /* ExtensionUIView.swift in Sources */ = {isa = PBXBuildFile; fileRef = F81E57AF298AA3750055EF84 /* ExtensionUIView.swift */; };
		F827C4F72992D7DC00998BC8 /* NanumSquareOTF_acEB.otf in Resources */ = {isa = PBXBuildFile; fileRef = F827C4F62992D7DC00998BC8 /* NanumSquareOTF_acEB.otf */; };
		F827C4F92992D7F200998BC8 /* NanumSquareOTF_acB.otf in Resources */ = {isa = PBXBuildFile; fileRef = F827C4F82992D7F200998BC8 /* NanumSquareOTF_acB.otf */; };
		F827C4FB2992D80700998BC8 /* NanumSquareOTF_acR.otf in Resources */ = {isa = PBXBuildFile; fileRef = F827C4FA2992D80700998BC8 /* NanumSquareOTF_acR.otf */; };
		F827C4FD2992DB9F00998BC8 /* GoogleService-Info.plist in Resources */ = {isa = PBXBuildFile; fileRef = F827C4FC2992DB9F00998BC8 /* GoogleService-Info.plist */; };
		F870077B29B0DD2500522B35 /* MainTabBarVC.swift in Sources */ = {isa = PBXBuildFile; fileRef = F870077A29B0DD2500522B35 /* MainTabBarVC.swift */; };
		F870078029B0DDC800522B35 /* MyProfileVC.swift in Sources */ = {isa = PBXBuildFile; fileRef = F870077F29B0DDC800522B35 /* MyProfileVC.swift */; };
		F870078229B0DDD500522B35 /* SearchVC.swift in Sources */ = {isa = PBXBuildFile; fileRef = F870078129B0DDD500522B35 /* SearchVC.swift */; };
		F870078429B0DDE600522B35 /* ShopBasketVC.swift in Sources */ = {isa = PBXBuildFile; fileRef = F870078329B0DDE600522B35 /* ShopBasketVC.swift */; };
		F887E74F297A867E003A75C3 /* RefrigeratorVC.swift in Sources */ = {isa = PBXBuildFile; fileRef = F887E74E297A867E003A75C3 /* RefrigeratorVC.swift */; };
		F88838972993D2B000ED2C7A /* AddIngredientButton.swift in Sources */ = {isa = PBXBuildFile; fileRef = F88838962993D2B000ED2C7A /* AddIngredientButton.swift */; };
		F891A40629BC8E2900933615 /* AddRefModalVC.swift in Sources */ = {isa = PBXBuildFile; fileRef = F891A40529BC8E2900933615 /* AddRefModalVC.swift */; };
		F8A76E6D29CB0BF300DDED00 /* ExtensionUITextField.swift in Sources */ = {isa = PBXBuildFile; fileRef = F8A76E6C29CB0BF300DDED00 /* ExtensionUITextField.swift */; };
		F8A76E6F29CB0D1700DDED00 /* FontSet.swift in Sources */ = {isa = PBXBuildFile; fileRef = F8A76E6E29CB0D1700DDED00 /* FontSet.swift */; };
		F8BFBE61293B84A7007173BA /* AppDelegate.swift in Sources */ = {isa = PBXBuildFile; fileRef = F8BFBE60293B84A7007173BA /* AppDelegate.swift */; };
		F8BFBE63293B84A7007173BA /* SceneDelegate.swift in Sources */ = {isa = PBXBuildFile; fileRef = F8BFBE62293B84A7007173BA /* SceneDelegate.swift */; };
		F8BFBE65293B84A7007173BA /* LoginVC.swift in Sources */ = {isa = PBXBuildFile; fileRef = F8BFBE64293B84A7007173BA /* LoginVC.swift */; };
		F8BFBE6A293B84A8007173BA /* Assets.xcassets in Resources */ = {isa = PBXBuildFile; fileRef = F8BFBE69293B84A8007173BA /* Assets.xcassets */; };
		F8BFBE6D293B84A8007173BA /* LaunchScreen.storyboard in Resources */ = {isa = PBXBuildFile; fileRef = F8BFBE6B293B84A8007173BA /* LaunchScreen.storyboard */; };
		F8BFBE78293B84A8007173BA /* sinsungoTests.swift in Sources */ = {isa = PBXBuildFile; fileRef = F8BFBE77293B84A8007173BA /* sinsungoTests.swift */; };
		F8BFBE82293B84A8007173BA /* sinsungoUITests.swift in Sources */ = {isa = PBXBuildFile; fileRef = F8BFBE81293B84A8007173BA /* sinsungoUITests.swift */; };
		F8BFBE84293B84A8007173BA /* sinsungoUITestsLaunchTests.swift in Sources */ = {isa = PBXBuildFile; fileRef = F8BFBE83293B84A8007173BA /* sinsungoUITestsLaunchTests.swift */; };
		F8C059EC29950A7D001719A9 /* ExtensionUIButton.swift in Sources */ = {isa = PBXBuildFile; fileRef = F8C059EB29950A7D001719A9 /* ExtensionUIButton.swift */; };
		F8C2A79D296EEA6000B8C4A3 /* FirebaseAuth in Frameworks */ = {isa = PBXBuildFile; productRef = F8C2A79C296EEA6000B8C4A3 /* FirebaseAuth */; };
		F8D0029E296EF39D00820C6C /* ExtensionUIColor.swift in Sources */ = {isa = PBXBuildFile; fileRef = F8D0029D296EF39D00820C6C /* ExtensionUIColor.swift */; };
		F8D002A2296EFFE000820C6C /* Roboto-Medium.ttf in Resources */ = {isa = PBXBuildFile; fileRef = F8D002A1296EFFE000820C6C /* Roboto-Medium.ttf */; };
		F8E4833F299152B6001849D4 /* IngredientViewType1.swift in Sources */ = {isa = PBXBuildFile; fileRef = F8E4833E299152B6001849D4 /* IngredientViewType1.swift */; };
		F8EC1573296FF33C00F71B90 /* GoogleSignIn in Frameworks */ = {isa = PBXBuildFile; productRef = F8EC1572296FF33C00F71B90 /* GoogleSignIn */; };
		F8ECB7F929CDA4EB000A0947 /* RefIngredientVC.swift in Sources */ = {isa = PBXBuildFile; fileRef = F8ECB7F829CDA4EB000A0947 /* RefIngredientVC.swift */; };
		F8ECB7FD29CDA51F000A0947 /* ExtensionUIViewController.swift in Sources */ = {isa = PBXBuildFile; fileRef = F8ECB7FC29CDA51F000A0947 /* ExtensionUIViewController.swift */; };
		F8ECB7FF29CDA5F1000A0947 /* RefIngredientTVCell.swift in Sources */ = {isa = PBXBuildFile; fileRef = F8ECB7FE29CDA5F1000A0947 /* RefIngredientTVCell.swift */; };
		F8ECB80329CDBAF4000A0947 /* RefIngredientTVH.swift in Sources */ = {isa = PBXBuildFile; fileRef = F8ECB80229CDBAF4000A0947 /* RefIngredientTVH.swift */; };
		F8F7AA8A2949E4BA00AF8D7D /* SnapKit in Frameworks */ = {isa = PBXBuildFile; productRef = F8F7AA892949E4BA00AF8D7D /* SnapKit */; };
/* End PBXBuildFile section */

/* Begin PBXContainerItemProxy section */
		F8BFBE74293B84A8007173BA /* PBXContainerItemProxy */ = {
			isa = PBXContainerItemProxy;
			containerPortal = F8BFBE55293B84A7007173BA /* Project object */;
			proxyType = 1;
			remoteGlobalIDString = F8BFBE5C293B84A7007173BA;
			remoteInfo = sinsungo;
		};
		F8BFBE7E293B84A8007173BA /* PBXContainerItemProxy */ = {
			isa = PBXContainerItemProxy;
			containerPortal = F8BFBE55293B84A7007173BA /* Project object */;
			proxyType = 1;
			remoteGlobalIDString = F8BFBE5C293B84A7007173BA;
			remoteInfo = sinsungo;
		};
/* End PBXContainerItemProxy section */

/* Begin PBXFileReference section */
		F80B23592987E6C2009451A4 /* RefirgeratorTVCell.swift */ = {isa = PBXFileReference; lastKnownFileType = sourcecode.swift; path = RefirgeratorTVCell.swift; sourceTree = "<group>"; };
		F80B235B29882BEB009451A4 /* RefrigeratorTVH.swift */ = {isa = PBXFileReference; lastKnownFileType = sourcecode.swift; path = RefrigeratorTVH.swift; sourceTree = "<group>"; };
		F80B235F2988378B009451A4 /* RefirgeratorTVF.swift */ = {isa = PBXFileReference; lastKnownFileType = sourcecode.swift; path = RefirgeratorTVF.swift; sourceTree = "<group>"; };
		F81E57AF298AA3750055EF84 /* ExtensionUIView.swift */ = {isa = PBXFileReference; lastKnownFileType = sourcecode.swift; path = ExtensionUIView.swift; sourceTree = "<group>"; };
		F827C4F62992D7DC00998BC8 /* NanumSquareOTF_acEB.otf */ = {isa = PBXFileReference; lastKnownFileType = file; path = NanumSquareOTF_acEB.otf; sourceTree = "<group>"; };
		F827C4F82992D7F200998BC8 /* NanumSquareOTF_acB.otf */ = {isa = PBXFileReference; lastKnownFileType = file; path = NanumSquareOTF_acB.otf; sourceTree = "<group>"; };
		F827C4FA2992D80700998BC8 /* NanumSquareOTF_acR.otf */ = {isa = PBXFileReference; lastKnownFileType = file; path = NanumSquareOTF_acR.otf; sourceTree = "<group>"; };
		F827C4FC2992DB9F00998BC8 /* GoogleService-Info.plist */ = {isa = PBXFileReference; fileEncoding = 4; lastKnownFileType = text.plist.xml; path = "GoogleService-Info.plist"; sourceTree = "<group>"; };
		F870077A29B0DD2500522B35 /* MainTabBarVC.swift */ = {isa = PBXFileReference; lastKnownFileType = sourcecode.swift; path = MainTabBarVC.swift; sourceTree = "<group>"; };
		F870077F29B0DDC800522B35 /* MyProfileVC.swift */ = {isa = PBXFileReference; lastKnownFileType = sourcecode.swift; path = MyProfileVC.swift; sourceTree = "<group>"; };
		F870078129B0DDD500522B35 /* SearchVC.swift */ = {isa = PBXFileReference; lastKnownFileType = sourcecode.swift; path = SearchVC.swift; sourceTree = "<group>"; };
		F870078329B0DDE600522B35 /* ShopBasketVC.swift */ = {isa = PBXFileReference; lastKnownFileType = sourcecode.swift; path = ShopBasketVC.swift; sourceTree = "<group>"; };
		F887E74E297A867E003A75C3 /* RefrigeratorVC.swift */ = {isa = PBXFileReference; lastKnownFileType = sourcecode.swift; path = RefrigeratorVC.swift; sourceTree = "<group>"; };
		F88838962993D2B000ED2C7A /* AddIngredientButton.swift */ = {isa = PBXFileReference; lastKnownFileType = sourcecode.swift; path = AddIngredientButton.swift; sourceTree = "<group>"; };
		F891A40529BC8E2900933615 /* AddRefModalVC.swift */ = {isa = PBXFileReference; lastKnownFileType = sourcecode.swift; path = AddRefModalVC.swift; sourceTree = "<group>"; };
		F8A76E6C29CB0BF300DDED00 /* ExtensionUITextField.swift */ = {isa = PBXFileReference; lastKnownFileType = sourcecode.swift; path = ExtensionUITextField.swift; sourceTree = "<group>"; };
		F8A76E6E29CB0D1700DDED00 /* FontSet.swift */ = {isa = PBXFileReference; lastKnownFileType = sourcecode.swift; path = FontSet.swift; sourceTree = "<group>"; };
		F8BFBE5D293B84A7007173BA /* sinsungo.app */ = {isa = PBXFileReference; explicitFileType = wrapper.application; includeInIndex = 0; path = sinsungo.app; sourceTree = BUILT_PRODUCTS_DIR; };
		F8BFBE60293B84A7007173BA /* AppDelegate.swift */ = {isa = PBXFileReference; lastKnownFileType = sourcecode.swift; path = AppDelegate.swift; sourceTree = "<group>"; };
		F8BFBE62293B84A7007173BA /* SceneDelegate.swift */ = {isa = PBXFileReference; lastKnownFileType = sourcecode.swift; path = SceneDelegate.swift; sourceTree = "<group>"; };
		F8BFBE64293B84A7007173BA /* LoginVC.swift */ = {isa = PBXFileReference; lastKnownFileType = sourcecode.swift; path = LoginVC.swift; sourceTree = "<group>"; };
		F8BFBE69293B84A8007173BA /* Assets.xcassets */ = {isa = PBXFileReference; lastKnownFileType = folder.assetcatalog; path = Assets.xcassets; sourceTree = "<group>"; };
		F8BFBE6C293B84A8007173BA /* Base */ = {isa = PBXFileReference; lastKnownFileType = file.storyboard; name = Base; path = Base.lproj/LaunchScreen.storyboard; sourceTree = "<group>"; };
		F8BFBE6E293B84A8007173BA /* Info.plist */ = {isa = PBXFileReference; lastKnownFileType = text.plist.xml; path = Info.plist; sourceTree = "<group>"; };
		F8BFBE73293B84A8007173BA /* sinsungoTests.xctest */ = {isa = PBXFileReference; explicitFileType = wrapper.cfbundle; includeInIndex = 0; path = sinsungoTests.xctest; sourceTree = BUILT_PRODUCTS_DIR; };
		F8BFBE77293B84A8007173BA /* sinsungoTests.swift */ = {isa = PBXFileReference; lastKnownFileType = sourcecode.swift; path = sinsungoTests.swift; sourceTree = "<group>"; };
		F8BFBE7D293B84A8007173BA /* sinsungoUITests.xctest */ = {isa = PBXFileReference; explicitFileType = wrapper.cfbundle; includeInIndex = 0; path = sinsungoUITests.xctest; sourceTree = BUILT_PRODUCTS_DIR; };
		F8BFBE81293B84A8007173BA /* sinsungoUITests.swift */ = {isa = PBXFileReference; lastKnownFileType = sourcecode.swift; path = sinsungoUITests.swift; sourceTree = "<group>"; };
		F8BFBE83293B84A8007173BA /* sinsungoUITestsLaunchTests.swift */ = {isa = PBXFileReference; lastKnownFileType = sourcecode.swift; path = sinsungoUITestsLaunchTests.swift; sourceTree = "<group>"; };
		F8C059EB29950A7D001719A9 /* ExtensionUIButton.swift */ = {isa = PBXFileReference; lastKnownFileType = sourcecode.swift; path = ExtensionUIButton.swift; sourceTree = "<group>"; };
		F8D0029D296EF39D00820C6C /* ExtensionUIColor.swift */ = {isa = PBXFileReference; lastKnownFileType = sourcecode.swift; path = ExtensionUIColor.swift; sourceTree = "<group>"; };
		F8D002A1296EFFE000820C6C /* Roboto-Medium.ttf */ = {isa = PBXFileReference; lastKnownFileType = file; path = "Roboto-Medium.ttf"; sourceTree = "<group>"; };
		F8E4833E299152B6001849D4 /* IngredientViewType1.swift */ = {isa = PBXFileReference; lastKnownFileType = sourcecode.swift; path = IngredientViewType1.swift; sourceTree = "<group>"; };
		F8ECB7F829CDA4EB000A0947 /* RefIngredientVC.swift */ = {isa = PBXFileReference; lastKnownFileType = sourcecode.swift; path = RefIngredientVC.swift; sourceTree = "<group>"; };
		F8ECB7FC29CDA51F000A0947 /* ExtensionUIViewController.swift */ = {isa = PBXFileReference; lastKnownFileType = sourcecode.swift; path = ExtensionUIViewController.swift; sourceTree = "<group>"; };
		F8ECB7FE29CDA5F1000A0947 /* RefIngredientTVCell.swift */ = {isa = PBXFileReference; lastKnownFileType = sourcecode.swift; path = RefIngredientTVCell.swift; sourceTree = "<group>"; };
		F8ECB80229CDBAF4000A0947 /* RefIngredientTVH.swift */ = {isa = PBXFileReference; lastKnownFileType = sourcecode.swift; path = RefIngredientTVH.swift; sourceTree = "<group>"; };
/* End PBXFileReference section */

/* Begin PBXFrameworksBuildPhase section */
		F8BFBE5A293B84A7007173BA /* Frameworks */ = {
			isa = PBXFrameworksBuildPhase;
			buildActionMask = 2147483647;
			files = (
				F8F7AA8A2949E4BA00AF8D7D /* SnapKit in Frameworks */,
				F8C2A79D296EEA6000B8C4A3 /* FirebaseAuth in Frameworks */,
				F8EC1573296FF33C00F71B90 /* GoogleSignIn in Frameworks */,
			);
			runOnlyForDeploymentPostprocessing = 0;
		};
		F8BFBE70293B84A8007173BA /* Frameworks */ = {
			isa = PBXFrameworksBuildPhase;
			buildActionMask = 2147483647;
			files = (
			);
			runOnlyForDeploymentPostprocessing = 0;
		};
		F8BFBE7A293B84A8007173BA /* Frameworks */ = {
			isa = PBXFrameworksBuildPhase;
			buildActionMask = 2147483647;
			files = (
			);
			runOnlyForDeploymentPostprocessing = 0;
		};
/* End PBXFrameworksBuildPhase section */

/* Begin PBXGroup section */
		F80B23582987E55B009451A4 /* RefrigeratorMain */ = {
			isa = PBXGroup;
			children = (
				F887E74E297A867E003A75C3 /* RefrigeratorVC.swift */,
				F80B235B29882BEB009451A4 /* RefrigeratorTVH.swift */,
				F80B23592987E6C2009451A4 /* RefirgeratorTVCell.swift */,
				F80B235F2988378B009451A4 /* RefirgeratorTVF.swift */,
				F8E4833E299152B6001849D4 /* IngredientViewType1.swift */,
				F88838962993D2B000ED2C7A /* AddIngredientButton.swift */,
				F891A40529BC8E2900933615 /* AddRefModalVC.swift */,
			);
			path = RefrigeratorMain;
			sourceTree = "<group>";
		};
		F870077C29B0DD6300522B35 /* ShopBasket */ = {
			isa = PBXGroup;
			children = (
				F870078329B0DDE600522B35 /* ShopBasketVC.swift */,
			);
			path = ShopBasket;
			sourceTree = "<group>";
		};
		F870077D29B0DD6700522B35 /* Search */ = {
			isa = PBXGroup;
			children = (
				F870078129B0DDD500522B35 /* SearchVC.swift */,
			);
			path = Search;
			sourceTree = "<group>";
		};
		F870077E29B0DD7000522B35 /* MyProfile */ = {
			isa = PBXGroup;
			children = (
				F870077F29B0DDC800522B35 /* MyProfileVC.swift */,
			);
			path = MyProfile;
			sourceTree = "<group>";
		};
		F887E74D297A8585003A75C3 /* Controller */ = {
			isa = PBXGroup;
			children = (
				F870077A29B0DD2500522B35 /* MainTabBarVC.swift */,
				F8ECB7F729CDA4AD000A0947 /* RefIngredient */,
				F870077E29B0DD7000522B35 /* MyProfile */,
				F870077D29B0DD6700522B35 /* Search */,
				F870077C29B0DD6300522B35 /* ShopBasket */,
				F80B23582987E55B009451A4 /* RefrigeratorMain */,
				F8BFBE64293B84A7007173BA /* LoginVC.swift */,
			);
			path = Controller;
			sourceTree = "<group>";
		};
		F8BFBE54293B84A7007173BA = {
			isa = PBXGroup;
			children = (
				F8BFBE5F293B84A7007173BA /* sinsungo */,
				F8BFBE76293B84A8007173BA /* sinsungoTests */,
				F8BFBE80293B84A8007173BA /* sinsungoUITests */,
				F8BFBE5E293B84A7007173BA /* Products */,
			);
			sourceTree = "<group>";
		};
		F8BFBE5E293B84A7007173BA /* Products */ = {
			isa = PBXGroup;
			children = (
				F8BFBE5D293B84A7007173BA /* sinsungo.app */,
				F8BFBE73293B84A8007173BA /* sinsungoTests.xctest */,
				F8BFBE7D293B84A8007173BA /* sinsungoUITests.xctest */,
			);
			name = Products;
			sourceTree = "<group>";
		};
		F8BFBE5F293B84A7007173BA /* sinsungo */ = {
			isa = PBXGroup;
			children = (
				F887E74D297A8585003A75C3 /* Controller */,
				F8D0029F296EFEC200820C6C /* Font */,
				F8D0029C296EF38400820C6C /* Extension */,
				F8BFBE60293B84A7007173BA /* AppDelegate.swift */,
				F8BFBE62293B84A7007173BA /* SceneDelegate.swift */,
				F8BFBE69293B84A8007173BA /* Assets.xcassets */,
				F827C4FC2992DB9F00998BC8 /* GoogleService-Info.plist */,
				F8BFBE6B293B84A8007173BA /* LaunchScreen.storyboard */,
				F8BFBE6E293B84A8007173BA /* Info.plist */,
			);
			path = sinsungo;
			sourceTree = "<group>";
		};
		F8BFBE76293B84A8007173BA /* sinsungoTests */ = {
			isa = PBXGroup;
			children = (
				F8BFBE77293B84A8007173BA /* sinsungoTests.swift */,
			);
			path = sinsungoTests;
			sourceTree = "<group>";
		};
		F8BFBE80293B84A8007173BA /* sinsungoUITests */ = {
			isa = PBXGroup;
			children = (
				F8BFBE81293B84A8007173BA /* sinsungoUITests.swift */,
				F8BFBE83293B84A8007173BA /* sinsungoUITestsLaunchTests.swift */,
			);
			path = sinsungoUITests;
			sourceTree = "<group>";
		};
		F8D0029C296EF38400820C6C /* Extension */ = {
			isa = PBXGroup;
			children = (
				F8D0029D296EF39D00820C6C /* ExtensionUIColor.swift */,
				F81E57AF298AA3750055EF84 /* ExtensionUIView.swift */,
				F8C059EB29950A7D001719A9 /* ExtensionUIButton.swift */,
				F8A76E6C29CB0BF300DDED00 /* ExtensionUITextField.swift */,
				F8ECB7FC29CDA51F000A0947 /* ExtensionUIViewController.swift */,
			);
			path = Extension;
			sourceTree = "<group>";
		};
		F8D0029F296EFEC200820C6C /* Font */ = {
			isa = PBXGroup;
			children = (
				F8D002A1296EFFE000820C6C /* Roboto-Medium.ttf */,
				F827C4F62992D7DC00998BC8 /* NanumSquareOTF_acEB.otf */,
				F827C4F82992D7F200998BC8 /* NanumSquareOTF_acB.otf */,
				F827C4FA2992D80700998BC8 /* NanumSquareOTF_acR.otf */,
				F8A76E6E29CB0D1700DDED00 /* FontSet.swift */,
			);
			path = Font;
			sourceTree = "<group>";
		};
		F8ECB7F729CDA4AD000A0947 /* RefIngredient */ = {
			isa = PBXGroup;
			children = (
				F8ECB7F829CDA4EB000A0947 /* RefIngredientVC.swift */,
				F8ECB7FE29CDA5F1000A0947 /* RefIngredientTVCell.swift */,
				F8ECB80229CDBAF4000A0947 /* RefIngredientTVH.swift */,
			);
			path = RefIngredient;
			sourceTree = "<group>";
		};
/* End PBXGroup section */

/* Begin PBXNativeTarget section */
		F8BFBE5C293B84A7007173BA /* sinsungo */ = {
			isa = PBXNativeTarget;
			buildConfigurationList = F8BFBE87293B84A8007173BA /* Build configuration list for PBXNativeTarget "sinsungo" */;
			buildPhases = (
				F8BFBE59293B84A7007173BA /* Sources */,
				F8BFBE5A293B84A7007173BA /* Frameworks */,
				F8BFBE5B293B84A7007173BA /* Resources */,
			);
			buildRules = (
			);
			dependencies = (
			);
			name = sinsungo;
			packageProductDependencies = (
				F8F7AA892949E4BA00AF8D7D /* SnapKit */,
				F8C2A79C296EEA6000B8C4A3 /* FirebaseAuth */,
				F8EC1572296FF33C00F71B90 /* GoogleSignIn */,
			);
			productName = sinsungo;
			productReference = F8BFBE5D293B84A7007173BA /* sinsungo.app */;
			productType = "com.apple.product-type.application";
		};
		F8BFBE72293B84A8007173BA /* sinsungoTests */ = {
			isa = PBXNativeTarget;
			buildConfigurationList = F8BFBE8A293B84A8007173BA /* Build configuration list for PBXNativeTarget "sinsungoTests" */;
			buildPhases = (
				F8BFBE6F293B84A8007173BA /* Sources */,
				F8BFBE70293B84A8007173BA /* Frameworks */,
				F8BFBE71293B84A8007173BA /* Resources */,
			);
			buildRules = (
			);
			dependencies = (
				F8BFBE75293B84A8007173BA /* PBXTargetDependency */,
			);
			name = sinsungoTests;
			productName = sinsungoTests;
			productReference = F8BFBE73293B84A8007173BA /* sinsungoTests.xctest */;
			productType = "com.apple.product-type.bundle.unit-test";
		};
		F8BFBE7C293B84A8007173BA /* sinsungoUITests */ = {
			isa = PBXNativeTarget;
			buildConfigurationList = F8BFBE8D293B84A8007173BA /* Build configuration list for PBXNativeTarget "sinsungoUITests" */;
			buildPhases = (
				F8BFBE79293B84A8007173BA /* Sources */,
				F8BFBE7A293B84A8007173BA /* Frameworks */,
				F8BFBE7B293B84A8007173BA /* Resources */,
			);
			buildRules = (
			);
			dependencies = (
				F8BFBE7F293B84A8007173BA /* PBXTargetDependency */,
			);
			name = sinsungoUITests;
			productName = sinsungoUITests;
			productReference = F8BFBE7D293B84A8007173BA /* sinsungoUITests.xctest */;
			productType = "com.apple.product-type.bundle.ui-testing";
		};
/* End PBXNativeTarget section */

/* Begin PBXProject section */
		F8BFBE55293B84A7007173BA /* Project object */ = {
			isa = PBXProject;
			attributes = {
				BuildIndependentTargetsInParallel = 1;
				LastSwiftUpdateCheck = 1400;
				LastUpgradeCheck = 1400;
				TargetAttributes = {
					F8BFBE5C293B84A7007173BA = {
						CreatedOnToolsVersion = 14.0.1;
					};
					F8BFBE72293B84A8007173BA = {
						CreatedOnToolsVersion = 14.0.1;
						TestTargetID = F8BFBE5C293B84A7007173BA;
					};
					F8BFBE7C293B84A8007173BA = {
						CreatedOnToolsVersion = 14.0.1;
						TestTargetID = F8BFBE5C293B84A7007173BA;
					};
				};
			};
			buildConfigurationList = F8BFBE58293B84A7007173BA /* Build configuration list for PBXProject "sinsungo" */;
			compatibilityVersion = "Xcode 14.0";
			developmentRegion = en;
			hasScannedForEncodings = 0;
			knownRegions = (
				en,
				Base,
			);
			mainGroup = F8BFBE54293B84A7007173BA;
			packageReferences = (
				F8F7AA882949E4BA00AF8D7D /* XCRemoteSwiftPackageReference "SnapKit" */,
				F8C2A79B296EEA6000B8C4A3 /* XCRemoteSwiftPackageReference "firebase-ios-sdk" */,
				F8EC1571296FF33C00F71B90 /* XCRemoteSwiftPackageReference "GoogleSignIn-iOS" */,
			);
			productRefGroup = F8BFBE5E293B84A7007173BA /* Products */;
			projectDirPath = "";
			projectRoot = "";
			targets = (
				F8BFBE5C293B84A7007173BA /* sinsungo */,
				F8BFBE72293B84A8007173BA /* sinsungoTests */,
				F8BFBE7C293B84A8007173BA /* sinsungoUITests */,
			);
		};
/* End PBXProject section */

/* Begin PBXResourcesBuildPhase section */
		F8BFBE5B293B84A7007173BA /* Resources */ = {
			isa = PBXResourcesBuildPhase;
			buildActionMask = 2147483647;
			files = (
				F8D002A2296EFFE000820C6C /* Roboto-Medium.ttf in Resources */,
				F827C4F92992D7F200998BC8 /* NanumSquareOTF_acB.otf in Resources */,
				F827C4F72992D7DC00998BC8 /* NanumSquareOTF_acEB.otf in Resources */,
				F827C4FD2992DB9F00998BC8 /* GoogleService-Info.plist in Resources */,
				F827C4FB2992D80700998BC8 /* NanumSquareOTF_acR.otf in Resources */,
				F8BFBE6D293B84A8007173BA /* LaunchScreen.storyboard in Resources */,
				F8BFBE6A293B84A8007173BA /* Assets.xcassets in Resources */,
			);
			runOnlyForDeploymentPostprocessing = 0;
		};
		F8BFBE71293B84A8007173BA /* Resources */ = {
			isa = PBXResourcesBuildPhase;
			buildActionMask = 2147483647;
			files = (
			);
			runOnlyForDeploymentPostprocessing = 0;
		};
		F8BFBE7B293B84A8007173BA /* Resources */ = {
			isa = PBXResourcesBuildPhase;
			buildActionMask = 2147483647;
			files = (
			);
			runOnlyForDeploymentPostprocessing = 0;
		};
/* End PBXResourcesBuildPhase section */

/* Begin PBXSourcesBuildPhase section */
		F8BFBE59293B84A7007173BA /* Sources */ = {
			isa = PBXSourcesBuildPhase;
			buildActionMask = 2147483647;
			files = (
				F8ECB7FD29CDA51F000A0947 /* ExtensionUIViewController.swift in Sources */,
				F891A40629BC8E2900933615 /* AddRefModalVC.swift in Sources */,
				F81E57B0298AA3750055EF84 /* ExtensionUIView.swift in Sources */,
				F8ECB80329CDBAF4000A0947 /* RefIngredientTVH.swift in Sources */,
				F8BFBE65293B84A7007173BA /* LoginVC.swift in Sources */,
				F8ECB7F929CDA4EB000A0947 /* RefIngredientVC.swift in Sources */,
				F8A76E6D29CB0BF300DDED00 /* ExtensionUITextField.swift in Sources */,
				F8BFBE61293B84A7007173BA /* AppDelegate.swift in Sources */,
				F8A76E6F29CB0D1700DDED00 /* FontSet.swift in Sources */,
				F870077B29B0DD2500522B35 /* MainTabBarVC.swift in Sources */,
				F8E4833F299152B6001849D4 /* IngredientViewType1.swift in Sources */,
				F8BFBE63293B84A7007173BA /* SceneDelegate.swift in Sources */,
				F870078229B0DDD500522B35 /* SearchVC.swift in Sources */,
				F8C059EC29950A7D001719A9 /* ExtensionUIButton.swift in Sources */,
				F8D0029E296EF39D00820C6C /* ExtensionUIColor.swift in Sources */,
				F80B23602988378B009451A4 /* RefirgeratorTVF.swift in Sources */,
				F870078429B0DDE600522B35 /* ShopBasketVC.swift in Sources */,
				F887E74F297A867E003A75C3 /* RefrigeratorVC.swift in Sources */,
				F870078029B0DDC800522B35 /* MyProfileVC.swift in Sources */,
				F8ECB7FF29CDA5F1000A0947 /* RefIngredientTVCell.swift in Sources */,
				F88838972993D2B000ED2C7A /* AddIngredientButton.swift in Sources */,
				F80B235C29882BEB009451A4 /* RefrigeratorTVH.swift in Sources */,
				F80B235A2987E6C2009451A4 /* RefirgeratorTVCell.swift in Sources */,
			);
			runOnlyForDeploymentPostprocessing = 0;
		};
		F8BFBE6F293B84A8007173BA /* Sources */ = {
			isa = PBXSourcesBuildPhase;
			buildActionMask = 2147483647;
			files = (
				F8BFBE78293B84A8007173BA /* sinsungoTests.swift in Sources */,
			);
			runOnlyForDeploymentPostprocessing = 0;
		};
		F8BFBE79293B84A8007173BA /* Sources */ = {
			isa = PBXSourcesBuildPhase;
			buildActionMask = 2147483647;
			files = (
				F8BFBE84293B84A8007173BA /* sinsungoUITestsLaunchTests.swift in Sources */,
				F8BFBE82293B84A8007173BA /* sinsungoUITests.swift in Sources */,
			);
			runOnlyForDeploymentPostprocessing = 0;
		};
/* End PBXSourcesBuildPhase section */

/* Begin PBXTargetDependency section */
		F8BFBE75293B84A8007173BA /* PBXTargetDependency */ = {
			isa = PBXTargetDependency;
			target = F8BFBE5C293B84A7007173BA /* sinsungo */;
			targetProxy = F8BFBE74293B84A8007173BA /* PBXContainerItemProxy */;
		};
		F8BFBE7F293B84A8007173BA /* PBXTargetDependency */ = {
			isa = PBXTargetDependency;
			target = F8BFBE5C293B84A7007173BA /* sinsungo */;
			targetProxy = F8BFBE7E293B84A8007173BA /* PBXContainerItemProxy */;
		};
/* End PBXTargetDependency section */

/* Begin PBXVariantGroup section */
		F8BFBE6B293B84A8007173BA /* LaunchScreen.storyboard */ = {
			isa = PBXVariantGroup;
			children = (
				F8BFBE6C293B84A8007173BA /* Base */,
			);
			name = LaunchScreen.storyboard;
			sourceTree = "<group>";
		};
/* End PBXVariantGroup section */

/* Begin XCBuildConfiguration section */
		F8BFBE85293B84A8007173BA /* Debug */ = {
			isa = XCBuildConfiguration;
			buildSettings = {
				ALWAYS_SEARCH_USER_PATHS = NO;
				CLANG_ANALYZER_NONNULL = YES;
				CLANG_ANALYZER_NUMBER_OBJECT_CONVERSION = YES_AGGRESSIVE;
				CLANG_CXX_LANGUAGE_STANDARD = "gnu++20";
				CLANG_ENABLE_MODULES = YES;
				CLANG_ENABLE_OBJC_ARC = YES;
				CLANG_ENABLE_OBJC_WEAK = YES;
				CLANG_WARN_BLOCK_CAPTURE_AUTORELEASING = YES;
				CLANG_WARN_BOOL_CONVERSION = YES;
				CLANG_WARN_COMMA = YES;
				CLANG_WARN_CONSTANT_CONVERSION = YES;
				CLANG_WARN_DEPRECATED_OBJC_IMPLEMENTATIONS = YES;
				CLANG_WARN_DIRECT_OBJC_ISA_USAGE = YES_ERROR;
				CLANG_WARN_DOCUMENTATION_COMMENTS = YES;
				CLANG_WARN_EMPTY_BODY = YES;
				CLANG_WARN_ENUM_CONVERSION = YES;
				CLANG_WARN_INFINITE_RECURSION = YES;
				CLANG_WARN_INT_CONVERSION = YES;
				CLANG_WARN_NON_LITERAL_NULL_CONVERSION = YES;
				CLANG_WARN_OBJC_IMPLICIT_RETAIN_SELF = YES;
				CLANG_WARN_OBJC_LITERAL_CONVERSION = YES;
				CLANG_WARN_OBJC_ROOT_CLASS = YES_ERROR;
				CLANG_WARN_QUOTED_INCLUDE_IN_FRAMEWORK_HEADER = YES;
				CLANG_WARN_RANGE_LOOP_ANALYSIS = YES;
				CLANG_WARN_STRICT_PROTOTYPES = YES;
				CLANG_WARN_SUSPICIOUS_MOVE = YES;
				CLANG_WARN_UNGUARDED_AVAILABILITY = YES_AGGRESSIVE;
				CLANG_WARN_UNREACHABLE_CODE = YES;
				CLANG_WARN__DUPLICATE_METHOD_MATCH = YES;
				COPY_PHASE_STRIP = NO;
				DEBUG_INFORMATION_FORMAT = dwarf;
				ENABLE_STRICT_OBJC_MSGSEND = YES;
				ENABLE_TESTABILITY = YES;
				GCC_C_LANGUAGE_STANDARD = gnu11;
				GCC_DYNAMIC_NO_PIC = NO;
				GCC_NO_COMMON_BLOCKS = YES;
				GCC_OPTIMIZATION_LEVEL = 0;
				GCC_PREPROCESSOR_DEFINITIONS = (
					"DEBUG=1",
					"$(inherited)",
				);
				GCC_WARN_64_TO_32_BIT_CONVERSION = YES;
				GCC_WARN_ABOUT_RETURN_TYPE = YES_ERROR;
				GCC_WARN_UNDECLARED_SELECTOR = YES;
				GCC_WARN_UNINITIALIZED_AUTOS = YES_AGGRESSIVE;
				GCC_WARN_UNUSED_FUNCTION = YES;
				GCC_WARN_UNUSED_VARIABLE = YES;
				IPHONEOS_DEPLOYMENT_TARGET = 16.0;
				MTL_ENABLE_DEBUG_INFO = INCLUDE_SOURCE;
				MTL_FAST_MATH = YES;
				ONLY_ACTIVE_ARCH = YES;
				SDKROOT = iphoneos;
				SWIFT_ACTIVE_COMPILATION_CONDITIONS = DEBUG;
				SWIFT_OPTIMIZATION_LEVEL = "-Onone";
			};
			name = Debug;
		};
		F8BFBE86293B84A8007173BA /* Release */ = {
			isa = XCBuildConfiguration;
			buildSettings = {
				ALWAYS_SEARCH_USER_PATHS = NO;
				CLANG_ANALYZER_NONNULL = YES;
				CLANG_ANALYZER_NUMBER_OBJECT_CONVERSION = YES_AGGRESSIVE;
				CLANG_CXX_LANGUAGE_STANDARD = "gnu++20";
				CLANG_ENABLE_MODULES = YES;
				CLANG_ENABLE_OBJC_ARC = YES;
				CLANG_ENABLE_OBJC_WEAK = YES;
				CLANG_WARN_BLOCK_CAPTURE_AUTORELEASING = YES;
				CLANG_WARN_BOOL_CONVERSION = YES;
				CLANG_WARN_COMMA = YES;
				CLANG_WARN_CONSTANT_CONVERSION = YES;
				CLANG_WARN_DEPRECATED_OBJC_IMPLEMENTATIONS = YES;
				CLANG_WARN_DIRECT_OBJC_ISA_USAGE = YES_ERROR;
				CLANG_WARN_DOCUMENTATION_COMMENTS = YES;
				CLANG_WARN_EMPTY_BODY = YES;
				CLANG_WARN_ENUM_CONVERSION = YES;
				CLANG_WARN_INFINITE_RECURSION = YES;
				CLANG_WARN_INT_CONVERSION = YES;
				CLANG_WARN_NON_LITERAL_NULL_CONVERSION = YES;
				CLANG_WARN_OBJC_IMPLICIT_RETAIN_SELF = YES;
				CLANG_WARN_OBJC_LITERAL_CONVERSION = YES;
				CLANG_WARN_OBJC_ROOT_CLASS = YES_ERROR;
				CLANG_WARN_QUOTED_INCLUDE_IN_FRAMEWORK_HEADER = YES;
				CLANG_WARN_RANGE_LOOP_ANALYSIS = YES;
				CLANG_WARN_STRICT_PROTOTYPES = YES;
				CLANG_WARN_SUSPICIOUS_MOVE = YES;
				CLANG_WARN_UNGUARDED_AVAILABILITY = YES_AGGRESSIVE;
				CLANG_WARN_UNREACHABLE_CODE = YES;
				CLANG_WARN__DUPLICATE_METHOD_MATCH = YES;
				COPY_PHASE_STRIP = NO;
				DEBUG_INFORMATION_FORMAT = "dwarf-with-dsym";
				ENABLE_NS_ASSERTIONS = NO;
				ENABLE_STRICT_OBJC_MSGSEND = YES;
				GCC_C_LANGUAGE_STANDARD = gnu11;
				GCC_NO_COMMON_BLOCKS = YES;
				GCC_WARN_64_TO_32_BIT_CONVERSION = YES;
				GCC_WARN_ABOUT_RETURN_TYPE = YES_ERROR;
				GCC_WARN_UNDECLARED_SELECTOR = YES;
				GCC_WARN_UNINITIALIZED_AUTOS = YES_AGGRESSIVE;
				GCC_WARN_UNUSED_FUNCTION = YES;
				GCC_WARN_UNUSED_VARIABLE = YES;
				IPHONEOS_DEPLOYMENT_TARGET = 16.0;
				MTL_ENABLE_DEBUG_INFO = NO;
				MTL_FAST_MATH = YES;
				SDKROOT = iphoneos;
				SWIFT_COMPILATION_MODE = wholemodule;
				SWIFT_OPTIMIZATION_LEVEL = "-O";
				VALIDATE_PRODUCT = YES;
			};
			name = Release;
		};
		F8BFBE88293B84A8007173BA /* Debug */ = {
			isa = XCBuildConfiguration;
			buildSettings = {
				ASSETCATALOG_COMPILER_APPICON_NAME = AppIcon;
				ASSETCATALOG_COMPILER_GLOBAL_ACCENT_COLOR_NAME = AccentColor;
				CODE_SIGN_STYLE = Automatic;
				CURRENT_PROJECT_VERSION = 1;
				DEVELOPMENT_TEAM = 4G47XHXXQX;
				GENERATE_INFOPLIST_FILE = YES;
				INFOPLIST_FILE = sinsungo/Info.plist;
				INFOPLIST_KEY_CFBundleDisplayName = Sinsungo;
				INFOPLIST_KEY_UIApplicationSupportsIndirectInputEvents = YES;
				INFOPLIST_KEY_UILaunchStoryboardName = LaunchScreen;
				INFOPLIST_KEY_UISupportedInterfaceOrientations_iPad = "UIInterfaceOrientationPortrait UIInterfaceOrientationPortraitUpsideDown UIInterfaceOrientationLandscapeLeft UIInterfaceOrientationLandscapeRight";
				INFOPLIST_KEY_UISupportedInterfaceOrientations_iPhone = "UIInterfaceOrientationPortrait UIInterfaceOrientationLandscapeLeft UIInterfaceOrientationLandscapeRight";
				LD_RUNPATH_SEARCH_PATHS = (
					"$(inherited)",
					"@executable_path/Frameworks",
				);
				MARKETING_VERSION = 1.0;
				PRODUCT_BUNDLE_IDENTIFIER = com.sinsungo.ios;
				PRODUCT_NAME = "$(TARGET_NAME)";
				SWIFT_EMIT_LOC_STRINGS = YES;
				SWIFT_VERSION = 5.0;
				TARGETED_DEVICE_FAMILY = "1,2";
			};
			name = Debug;
		};
		F8BFBE89293B84A8007173BA /* Release */ = {
			isa = XCBuildConfiguration;
			buildSettings = {
				ASSETCATALOG_COMPILER_APPICON_NAME = AppIcon;
				ASSETCATALOG_COMPILER_GLOBAL_ACCENT_COLOR_NAME = AccentColor;
				CODE_SIGN_STYLE = Automatic;
				CURRENT_PROJECT_VERSION = 1;
				DEVELOPMENT_TEAM = 4G47XHXXQX;
				GENERATE_INFOPLIST_FILE = YES;
				INFOPLIST_FILE = sinsungo/Info.plist;
				INFOPLIST_KEY_CFBundleDisplayName = Sinsungo;
				INFOPLIST_KEY_UIApplicationSupportsIndirectInputEvents = YES;
				INFOPLIST_KEY_UILaunchStoryboardName = LaunchScreen;
				INFOPLIST_KEY_UISupportedInterfaceOrientations_iPad = "UIInterfaceOrientationPortrait UIInterfaceOrientationPortraitUpsideDown UIInterfaceOrientationLandscapeLeft UIInterfaceOrientationLandscapeRight";
				INFOPLIST_KEY_UISupportedInterfaceOrientations_iPhone = "UIInterfaceOrientationPortrait UIInterfaceOrientationLandscapeLeft UIInterfaceOrientationLandscapeRight";
				LD_RUNPATH_SEARCH_PATHS = (
					"$(inherited)",
					"@executable_path/Frameworks",
				);
				MARKETING_VERSION = 1.0;
				PRODUCT_BUNDLE_IDENTIFIER = fresh.sinsungo;
				PRODUCT_NAME = "$(TARGET_NAME)";
				SWIFT_EMIT_LOC_STRINGS = YES;
				SWIFT_VERSION = 5.0;
				TARGETED_DEVICE_FAMILY = "1,2";
			};
			name = Release;
		};
		F8BFBE8B293B84A8007173BA /* Debug */ = {
			isa = XCBuildConfiguration;
			buildSettings = {
				ALWAYS_EMBED_SWIFT_STANDARD_LIBRARIES = YES;
				BUNDLE_LOADER = "$(TEST_HOST)";
				CODE_SIGN_STYLE = Automatic;
				CURRENT_PROJECT_VERSION = 1;
				DEVELOPMENT_TEAM = 4G47XHXXQX;
				GENERATE_INFOPLIST_FILE = YES;
				IPHONEOS_DEPLOYMENT_TARGET = 16.0;
				MARKETING_VERSION = 1.0;
				PRODUCT_BUNDLE_IDENTIFIER = fresh.sinsungoTests;
				PRODUCT_NAME = "$(TARGET_NAME)";
				SWIFT_EMIT_LOC_STRINGS = NO;
				SWIFT_VERSION = 5.0;
				TARGETED_DEVICE_FAMILY = "1,2";
				TEST_HOST = "$(BUILT_PRODUCTS_DIR)/sinsungo.app/$(BUNDLE_EXECUTABLE_FOLDER_PATH)/sinsungo";
			};
			name = Debug;
		};
		F8BFBE8C293B84A8007173BA /* Release */ = {
			isa = XCBuildConfiguration;
			buildSettings = {
				ALWAYS_EMBED_SWIFT_STANDARD_LIBRARIES = YES;
				BUNDLE_LOADER = "$(TEST_HOST)";
				CODE_SIGN_STYLE = Automatic;
				CURRENT_PROJECT_VERSION = 1;
				DEVELOPMENT_TEAM = 4G47XHXXQX;
				GENERATE_INFOPLIST_FILE = YES;
				IPHONEOS_DEPLOYMENT_TARGET = 16.0;
				MARKETING_VERSION = 1.0;
				PRODUCT_BUNDLE_IDENTIFIER = fresh.sinsungoTests;
				PRODUCT_NAME = "$(TARGET_NAME)";
				SWIFT_EMIT_LOC_STRINGS = NO;
				SWIFT_VERSION = 5.0;
				TARGETED_DEVICE_FAMILY = "1,2";
				TEST_HOST = "$(BUILT_PRODUCTS_DIR)/sinsungo.app/$(BUNDLE_EXECUTABLE_FOLDER_PATH)/sinsungo";
			};
			name = Release;
		};
		F8BFBE8E293B84A8007173BA /* Debug */ = {
			isa = XCBuildConfiguration;
			buildSettings = {
				ALWAYS_EMBED_SWIFT_STANDARD_LIBRARIES = YES;
				CODE_SIGN_STYLE = Automatic;
				CURRENT_PROJECT_VERSION = 1;
				DEVELOPMENT_TEAM = 4G47XHXXQX;
				GENERATE_INFOPLIST_FILE = YES;
				MARKETING_VERSION = 1.0;
				PRODUCT_BUNDLE_IDENTIFIER = fresh.sinsungoUITests;
				PRODUCT_NAME = "$(TARGET_NAME)";
				SWIFT_EMIT_LOC_STRINGS = NO;
				SWIFT_VERSION = 5.0;
				TARGETED_DEVICE_FAMILY = "1,2";
				TEST_TARGET_NAME = sinsungo;
			};
			name = Debug;
		};
		F8BFBE8F293B84A8007173BA /* Release */ = {
			isa = XCBuildConfiguration;
			buildSettings = {
				ALWAYS_EMBED_SWIFT_STANDARD_LIBRARIES = YES;
				CODE_SIGN_STYLE = Automatic;
				CURRENT_PROJECT_VERSION = 1;
				DEVELOPMENT_TEAM = 4G47XHXXQX;
				GENERATE_INFOPLIST_FILE = YES;
				MARKETING_VERSION = 1.0;
				PRODUCT_BUNDLE_IDENTIFIER = fresh.sinsungoUITests;
				PRODUCT_NAME = "$(TARGET_NAME)";
				SWIFT_EMIT_LOC_STRINGS = NO;
				SWIFT_VERSION = 5.0;
				TARGETED_DEVICE_FAMILY = "1,2";
				TEST_TARGET_NAME = sinsungo;
			};
			name = Release;
		};
/* End XCBuildConfiguration section */

/* Begin XCConfigurationList section */
		F8BFBE58293B84A7007173BA /* Build configuration list for PBXProject "sinsungo" */ = {
			isa = XCConfigurationList;
			buildConfigurations = (
				F8BFBE85293B84A8007173BA /* Debug */,
				F8BFBE86293B84A8007173BA /* Release */,
			);
			defaultConfigurationIsVisible = 0;
			defaultConfigurationName = Release;
		};
		F8BFBE87293B84A8007173BA /* Build configuration list for PBXNativeTarget "sinsungo" */ = {
			isa = XCConfigurationList;
			buildConfigurations = (
				F8BFBE88293B84A8007173BA /* Debug */,
				F8BFBE89293B84A8007173BA /* Release */,
			);
			defaultConfigurationIsVisible = 0;
			defaultConfigurationName = Release;
		};
		F8BFBE8A293B84A8007173BA /* Build configuration list for PBXNativeTarget "sinsungoTests" */ = {
			isa = XCConfigurationList;
			buildConfigurations = (
				F8BFBE8B293B84A8007173BA /* Debug */,
				F8BFBE8C293B84A8007173BA /* Release */,
			);
			defaultConfigurationIsVisible = 0;
			defaultConfigurationName = Release;
		};
		F8BFBE8D293B84A8007173BA /* Build configuration list for PBXNativeTarget "sinsungoUITests" */ = {
			isa = XCConfigurationList;
			buildConfigurations = (
				F8BFBE8E293B84A8007173BA /* Debug */,
				F8BFBE8F293B84A8007173BA /* Release */,
			);
			defaultConfigurationIsVisible = 0;
			defaultConfigurationName = Release;
		};
/* End XCConfigurationList section */

/* Begin XCRemoteSwiftPackageReference section */
		F8C2A79B296EEA6000B8C4A3 /* XCRemoteSwiftPackageReference "firebase-ios-sdk" */ = {
			isa = XCRemoteSwiftPackageReference;
			repositoryURL = "https://github.com/firebase/firebase-ios-sdk.git";
			requirement = {
				kind = upToNextMajorVersion;
				minimumVersion = 9.0.0;
			};
		};
		F8EC1571296FF33C00F71B90 /* XCRemoteSwiftPackageReference "GoogleSignIn-iOS" */ = {
			isa = XCRemoteSwiftPackageReference;
			repositoryURL = "https://github.com/google/GoogleSignIn-iOS";
			requirement = {
				kind = upToNextMajorVersion;
				minimumVersion = 6.0.2;
			};
		};
		F8F7AA882949E4BA00AF8D7D /* XCRemoteSwiftPackageReference "SnapKit" */ = {
			isa = XCRemoteSwiftPackageReference;
			repositoryURL = "https://github.com/SnapKit/SnapKit";
			requirement = {
				kind = upToNextMajorVersion;
				minimumVersion = 5.0.0;
			};
		};
/* End XCRemoteSwiftPackageReference section */

/* Begin XCSwiftPackageProductDependency section */
		F8C2A79C296EEA6000B8C4A3 /* FirebaseAuth */ = {
			isa = XCSwiftPackageProductDependency;
			package = F8C2A79B296EEA6000B8C4A3 /* XCRemoteSwiftPackageReference "firebase-ios-sdk" */;
			productName = FirebaseAuth;
		};
		F8EC1572296FF33C00F71B90 /* GoogleSignIn */ = {
			isa = XCSwiftPackageProductDependency;
			package = F8EC1571296FF33C00F71B90 /* XCRemoteSwiftPackageReference "GoogleSignIn-iOS" */;
			productName = GoogleSignIn;
		};
		F8F7AA892949E4BA00AF8D7D /* SnapKit */ = {
			isa = XCSwiftPackageProductDependency;
			package = F8F7AA882949E4BA00AF8D7D /* XCRemoteSwiftPackageReference "SnapKit" */;
			productName = SnapKit;
		};
/* End XCSwiftPackageProductDependency section */
	};
	rootObject = F8BFBE55293B84A7007173BA /* Project object */;
}
